{
  "name": "base-queue",
  "version": "3.0.6",
  "lockfileVersion": 3,
  "requires": true,
  "packages": {
    "": {
      "name": "base-queue",
      "version": "3.0.6",
      "license": "MIT",
      "dependencies": {
        "colors": "^1.4.0",
        "log-queue": "^3.0.8"
      }
    },
    "node_modules/colors": {
      "version": "1.4.0",
      "resolved": "https://registry.npmjs.org/colors/-/colors-1.4.0.tgz",
      "integrity": "sha512-a+UqTh4kgZg/SlGvfbzDHpgRu7AAQOmmqRHJnxhRZICKFUT91brVhNNt58CMWU9PsBbv3PDCZUHbVxuDiH2mtA==",
      "license": "MIT",
      "engines": {
        "node": ">=0.1.90"
      }
    },
    "node_modules/log-queue": {
      "version": "3.0.8",
      "resolved": "https://registry.npmjs.org/log-queue/-/log-queue-3.0.8.tgz",
      "integrity": "sha512-TQ6itQYS5HhoGppcX3VkJZUCCPn64pyM9KqmdUTDwYjJVeoQg0mT7tKTNnmodTcGZc8/Gzp5srzprgNcFjIYrw==",
      "license": "MIT",
      "dependencies": {
        "colors": "^1.4.0"
      }
    }
  }
}
